
Microsoft Visual Studio Solution File, Format Version 12.00
# Visual Studio Version 16
VisualStudioVersion = 16.0.31410.357
MinimumVisualStudioVersion = 10.0.40219.1
Project("{9A19103F-16F7-4668-BE54-9A1E7A4F7556}") = "Sample-api-users", "Sample-api-users\Sample-api-users.csproj", "{E73F2BEC-01A8-4AD0-BB01-2413E850A4C8}"
EndProject
Project("{9A19103F-16F7-4668-BE54-9A1E7A4F7556}") = "sample-client-users", "sample-client-users\sample-client-users.csproj", "{3C87FC1F-01D9-4B30-B436-94D9D3D3038A}"
EndProject
Project("{9A19103F-16F7-4668-BE54-9A1E7A4F7556}") = "graph-api-samples", "graph-api-chnage-password\graph-api-samples.csproj", "{DB015A11-1D84-440A-AED4-A5640FC311B2}"
EndProject
Project("{FAE04EC0-301F-11D3-BF4B-00C04F79EFBC}") = "sample-api-users-FF", "Sample-api-users-FF\sample-api-users-FF.csproj", "{8B48B2BC-838E-408D-A135-390551A3ACCE}"
EndProject
Project("{9A19103F-16F7-4668-BE54-9A1E7A4F7556}") = "key-vault-samples", "key-vault-samples\key-vault-samples.csproj", "{80D17EDD-D7CA-45F7-AE62-7D782082A0C7}"
EndProject
Project("{9A19103F-16F7-4668-BE54-9A1E7A4F7556}") = "apim-delegation", "apim-delegation\apim-delegation.csproj", "{E1E2D0D9-6E2F-4259-92FB-87380FF9D91D}"
EndProject
Project("{2150E333-8FDC-42A3-9474-1A3956D46DE8}") = "AD-Authentication", "AD-Authentication", "{5594F55B-F11A-4210-84B0-4F54E4E8B579}"
EndProject
Project("{9A19103F-16F7-4668-BE54-9A1E7A4F7556}") = "ClientAD", "ClientAD\ClientAD.csproj", "{2121B754-30A5-42DF-82D7-58997111BC97}"
EndProject
Project("{9A19103F-16F7-4668-BE54-9A1E7A4F7556}") = "BackAD", "BackAD\BackAD.csproj", "{DA7BE19A-6372-41A3-A901-58C2E06C04D2}"
EndProject
Project("{2150E333-8FDC-42A3-9474-1A3956D46DE8}") = "Graph", "Graph", "{2A6C236C-7AD9-42F2-922C-F8996990B582}"
EndProject
Project("{2150E333-8FDC-42A3-9474-1A3956D46DE8}") = "Client Credencial", "Client Credencial", "{50C80437-443A-4E64-9887-86A07B62064D}"
EndProject
Project("{2150E333-8FDC-42A3-9474-1A3956D46DE8}") = "Apim", "Apim", "{CF0E326F-F316-4979-8764-26DDC776B8FA}"
EndProject
Project("{2150E333-8FDC-42A3-9474-1A3956D46DE8}") = "Samples", "Samples", "{FBA9F19E-5574-4285-BC5B-F5242118BE60}"
EndProject
Project("{9A19103F-16F7-4668-BE54-9A1E7A4F7556}") = "FunctionDataAccess", "FunctionDataAccess\FunctionDataAccess.csproj", "{FB30B3B5-4D75-4040-839F-8F26E839E6FC}"
EndProject
Project("{2150E333-8FDC-42A3-9474-1A3956D46DE8}") = "Functions", "Functions", "{282CD47B-C5CD-4B8C-888C-50AFDBF509C0}"
EndProject
Project("{2150E333-8FDC-42A3-9474-1A3956D46DE8}") = "ServiceBus", "ServiceBus", "{E0031BE7-B0D7-4851-973E-36DEA4B971CE}"
EndProject
Project("{FAE04EC0-301F-11D3-BF4B-00C04F79EFBC}") = "Producer", "Producer\Producer.csproj", "{469BD903-C26A-4373-8D36-BBD2192D6EDA}"
EndProject
Project("{FAE04EC0-301F-11D3-BF4B-00C04F79EFBC}") = "Consumer", "Consumer\Consumer.csproj", "{8E0A6A48-CC5D-40CE-96FC-7D1BFC0240BE}"
EndProject
Global
	GlobalSection(SolutionConfigurationPlatforms) = preSolution
		Debug|Any CPU = Debug|Any CPU
		Release|Any CPU = Release|Any CPU
	EndGlobalSection
	GlobalSection(ProjectConfigurationPlatforms) = postSolution
		{E73F2BEC-01A8-4AD0-BB01-2413E850A4C8}.Debug|Any CPU.ActiveCfg = Debug|Any CPU
		{E73F2BEC-01A8-4AD0-BB01-2413E850A4C8}.Debug|Any CPU.Build.0 = Debug|Any CPU
		{E73F2BEC-01A8-4AD0-BB01-2413E850A4C8}.Release|Any CPU.ActiveCfg = Release|Any CPU
		{E73F2BEC-01A8-4AD0-BB01-2413E850A4C8}.Release|Any CPU.Build.0 = Release|Any CPU
		{3C87FC1F-01D9-4B30-B436-94D9D3D3038A}.Debug|Any CPU.ActiveCfg = Debug|Any CPU
		{3C87FC1F-01D9-4B30-B436-94D9D3D3038A}.Debug|Any CPU.Build.0 = Debug|Any CPU
		{3C87FC1F-01D9-4B30-B436-94D9D3D3038A}.Release|Any CPU.ActiveCfg = Release|Any CPU
		{3C87FC1F-01D9-4B30-B436-94D9D3D3038A}.Release|Any CPU.Build.0 = Release|Any CPU
		{DB015A11-1D84-440A-AED4-A5640FC311B2}.Debug|Any CPU.ActiveCfg = Debug|Any CPU
		{DB015A11-1D84-440A-AED4-A5640FC311B2}.Debug|Any CPU.Build.0 = Debug|Any CPU
		{DB015A11-1D84-440A-AED4-A5640FC311B2}.Release|Any CPU.ActiveCfg = Release|Any CPU
		{DB015A11-1D84-440A-AED4-A5640FC311B2}.Release|Any CPU.Build.0 = Release|Any CPU
		{8B48B2BC-838E-408D-A135-390551A3ACCE}.Debug|Any CPU.ActiveCfg = Debug|Any CPU
		{8B48B2BC-838E-408D-A135-390551A3ACCE}.Debug|Any CPU.Build.0 = Debug|Any CPU
		{8B48B2BC-838E-408D-A135-390551A3ACCE}.Release|Any CPU.ActiveCfg = Release|Any CPU
		{8B48B2BC-838E-408D-A135-390551A3ACCE}.Release|Any CPU.Build.0 = Release|Any CPU
		{80D17EDD-D7CA-45F7-AE62-7D782082A0C7}.Debug|Any CPU.ActiveCfg = Debug|Any CPU
		{80D17EDD-D7CA-45F7-AE62-7D782082A0C7}.Debug|Any CPU.Build.0 = Debug|Any CPU
		{80D17EDD-D7CA-45F7-AE62-7D782082A0C7}.Release|Any CPU.ActiveCfg = Release|Any CPU
		{80D17EDD-D7CA-45F7-AE62-7D782082A0C7}.Release|Any CPU.Build.0 = Release|Any CPU
		{E1E2D0D9-6E2F-4259-92FB-87380FF9D91D}.Debug|Any CPU.ActiveCfg = Debug|Any CPU
		{E1E2D0D9-6E2F-4259-92FB-87380FF9D91D}.Debug|Any CPU.Build.0 = Debug|Any CPU
		{E1E2D0D9-6E2F-4259-92FB-87380FF9D91D}.Release|Any CPU.ActiveCfg = Release|Any CPU
		{E1E2D0D9-6E2F-4259-92FB-87380FF9D91D}.Release|Any CPU.Build.0 = Release|Any CPU
		{2121B754-30A5-42DF-82D7-58997111BC97}.Debug|Any CPU.ActiveCfg = Debug|Any CPU
		{2121B754-30A5-42DF-82D7-58997111BC97}.Debug|Any CPU.Build.0 = Debug|Any CPU
		{2121B754-30A5-42DF-82D7-58997111BC97}.Release|Any CPU.ActiveCfg = Release|Any CPU
		{2121B754-30A5-42DF-82D7-58997111BC97}.Release|Any CPU.Build.0 = Release|Any CPU
		{DA7BE19A-6372-41A3-A901-58C2E06C04D2}.Debug|Any CPU.ActiveCfg = Debug|Any CPU
		{DA7BE19A-6372-41A3-A901-58C2E06C04D2}.Debug|Any CPU.Build.0 = Debug|Any CPU
		{DA7BE19A-6372-41A3-A901-58C2E06C04D2}.Release|Any CPU.ActiveCfg = Release|Any CPU
		{DA7BE19A-6372-41A3-A901-58C2E06C04D2}.Release|Any CPU.Build.0 = Release|Any CPU
		{FB30B3B5-4D75-4040-839F-8F26E839E6FC}.Debug|Any CPU.ActiveCfg = Debug|Any CPU
		{FB30B3B5-4D75-4040-839F-8F26E839E6FC}.Debug|Any CPU.Build.0 = Debug|Any CPU
		{FB30B3B5-4D75-4040-839F-8F26E839E6FC}.Release|Any CPU.ActiveCfg = Release|Any CPU
		{FB30B3B5-4D75-4040-839F-8F26E839E6FC}.Release|Any CPU.Build.0 = Release|Any CPU
		{469BD903-C26A-4373-8D36-BBD2192D6EDA}.Debug|Any CPU.ActiveCfg = Debug|Any CPU
		{469BD903-C26A-4373-8D36-BBD2192D6EDA}.Debug|Any CPU.Build.0 = Debug|Any CPU
		{469BD903-C26A-4373-8D36-BBD2192D6EDA}.Release|Any CPU.ActiveCfg = Release|Any CPU
		{469BD903-C26A-4373-8D36-BBD2192D6EDA}.Release|Any CPU.Build.0 = Release|Any CPU
		{8E0A6A48-CC5D-40CE-96FC-7D1BFC0240BE}.Debug|Any CPU.ActiveCfg = Debug|Any CPU
		{8E0A6A48-CC5D-40CE-96FC-7D1BFC0240BE}.Debug|Any CPU.Build.0 = Debug|Any CPU
		{8E0A6A48-CC5D-40CE-96FC-7D1BFC0240BE}.Release|Any CPU.ActiveCfg = Release|Any CPU
		{8E0A6A48-CC5D-40CE-96FC-7D1BFC0240BE}.Release|Any CPU.Build.0 = Release|Any CPU
	EndGlobalSection
	GlobalSection(SolutionProperties) = preSolution
		HideSolutionNode = FALSE
	EndGlobalSection
	GlobalSection(NestedProjects) = preSolution
		{E73F2BEC-01A8-4AD0-BB01-2413E850A4C8} = {FBA9F19E-5574-4285-BC5B-F5242118BE60}
		{3C87FC1F-01D9-4B30-B436-94D9D3D3038A} = {50C80437-443A-4E64-9887-86A07B62064D}
		{DB015A11-1D84-440A-AED4-A5640FC311B2} = {2A6C236C-7AD9-42F2-922C-F8996990B582}
		{8B48B2BC-838E-408D-A135-390551A3ACCE} = {FBA9F19E-5574-4285-BC5B-F5242118BE60}
		{80D17EDD-D7CA-45F7-AE62-7D782082A0C7} = {FBA9F19E-5574-4285-BC5B-F5242118BE60}
		{E1E2D0D9-6E2F-4259-92FB-87380FF9D91D} = {CF0E326F-F316-4979-8764-26DDC776B8FA}
		{2121B754-30A5-42DF-82D7-58997111BC97} = {5594F55B-F11A-4210-84B0-4F54E4E8B579}
		{DA7BE19A-6372-41A3-A901-58C2E06C04D2} = {5594F55B-F11A-4210-84B0-4F54E4E8B579}
		{FB30B3B5-4D75-4040-839F-8F26E839E6FC} = {282CD47B-C5CD-4B8C-888C-50AFDBF509C0}
		{469BD903-C26A-4373-8D36-BBD2192D6EDA} = {E0031BE7-B0D7-4851-973E-36DEA4B971CE}
		{8E0A6A48-CC5D-40CE-96FC-7D1BFC0240BE} = {E0031BE7-B0D7-4851-973E-36DEA4B971CE}
	EndGlobalSection
	GlobalSection(ExtensibilityGlobals) = postSolution
		SolutionGuid = {68D07E11-4D5D-4B8D-858F-A36387F52C43}
	EndGlobalSection
EndGlobal
